
Microsoft Visual Studio Solution File, Format Version 12.00
# Visual Studio Version 16
VisualStudioVersion = 16.0.29215.179
MinimumVisualStudioVersion = 10.0.40219.1
Project("{FAE04EC0-301F-11D3-BF4B-00C04F79EFBC}") = "SAAMS", "SAAMS\SAAMS.csproj", "{99343F7A-D433-464F-B170-526F273F53A4}"
EndProject
Project("{FAE04EC0-301F-11D3-BF4B-00C04F79EFBC}") = "Logger", "Business\Logger\Logger.csproj", "{A23985E3-58A3-4B45-80E1-0AE607B5D20A}"
EndProject
Global
	GlobalSection(SolutionConfigurationPlatforms) = preSolution
		Debug|Any CPU = Debug|Any CPU
		Release|Any CPU = Release|Any CPU
	EndGlobalSection
	GlobalSection(ProjectConfigurationPlatforms) = postSolution
		{99343F7A-D433-464F-B170-526F273F53A4}.Debug|Any CPU.ActiveCfg = Debug|Any CPU
		{99343F7A-D433-464F-B170-526F273F53A4}.Debug|Any CPU.Build.0 = Debug|Any CPU
		{99343F7A-D433-464F-B170-526F273F53A4}.Release|Any CPU.ActiveCfg = Release|Any CPU
		{99343F7A-D433-464F-B170-526F273F53A4}.Release|Any CPU.Build.0 = Release|Any CPU
		{A23985E3-58A3-4B45-80E1-0AE607B5D20A}.Debug|Any CPU.ActiveCfg = Debug|Any CPU
		{A23985E3-58A3-4B45-80E1-0AE607B5D20A}.Debug|Any CPU.Build.0 = Debug|Any CPU
		{A23985E3-58A3-4B45-80E1-0AE607B5D20A}.Release|Any CPU.ActiveCfg = Release|Any CPU
		{A23985E3-58A3-4B45-80E1-0AE607B5D20A}.Release|Any CPU.Build.0 = Release|Any CPU
	EndGlobalSection
	GlobalSection(SolutionProperties) = preSolution
		HideSolutionNode = FALSE
	EndGlobalSection
	GlobalSection(ExtensibilityGlobals) = postSolution
		SolutionGuid = {272F1E75-2258-40E5-A427-99CB2F656AD7}
	EndGlobalSection
EndGlobal
